
Microsoft Visual Studio Solution File, Format Version 12.00
# Visual Studio Version 17
VisualStudioVersion = 17.9.34728.123
MinimumVisualStudioVersion = 10.0.40219.1
Project("{FAE04EC0-301F-11D3-BF4B-00C04F79EFBC}") = "WhatsappSender", "WhatsappSender.csproj", "{BAA87BDC-4709-4FC3-841B-BA88443DCAA9}"
EndProject
Global
	GlobalSection(SolutionConfigurationPlatforms) = preSolution
		Debug|Any CPU = Debug|Any CPU
		Release|Any CPU = Release|Any CPU
	EndGlobalSection
	GlobalSection(ProjectConfigurationPlatforms) = postSolution
		{BAA87BDC-4709-4FC3-841B-BA88443DCAA9}.Debug|Any CPU.ActiveCfg = Debug|Any CPU
		{BAA87BDC-4709-4FC3-841B-BA88443DCAA9}.Debug|Any CPU.Build.0 = Debug|Any CPU
		{BAA87BDC-4709-4FC3-841B-BA88443DCAA9}.Release|Any CPU.ActiveCfg = Release|Any CPU
		{BAA87BDC-4709-4FC3-841B-BA88443DCAA9}.Release|Any CPU.Build.0 = Release|Any CPU
	EndGlobalSection
	GlobalSection(SolutionProperties) = preSolution
		HideSolutionNode = FALSE
	EndGlobalSection
	GlobalSection(ExtensibilityGlobals) = postSolution
		SolutionGuid = {EAF2927B-D6D4-4FD8-B4B9-8923831F9555}
	EndGlobalSection
EndGlobal
