
Microsoft Visual Studio Solution File, Format Version 12.00
# Visual Studio Version 17
VisualStudioVersion = 17.1.32228.430
MinimumVisualStudioVersion = 10.0.40219.1
Project("{9A19103F-16F7-4668-BE54-9A1E7A4F7556}") = "Backend", "Backend.csproj", "{1A8FC5A9-A12A-4047-9171-FF6FEC5E9256}"
EndProject
Project("{2150E333-8FDC-42A3-9474-1A3956D46DE8}") = "Web", "Web", "{3D2AA659-26BD-4DBF-A55D-2D7FEE107CB6}"
EndProject
Project("{2150E333-8FDC-42A3-9474-1A3956D46DE8}") = "Application", "Application", "{1F77F71F-AAA2-47C5-AE1E-DF76F22542A5}"
EndProject
Project("{2150E333-8FDC-42A3-9474-1A3956D46DE8}") = "Domain", "Domain", "{2CEF7466-D190-4400-95C0-248E88FA5AA0}"
EndProject
Project("{2150E333-8FDC-42A3-9474-1A3956D46DE8}") = "Infra", "Infra", "{A3BE09C9-E5AC-408B-A722-19142BB87A7A}"
EndProject
Project("{9A19103F-16F7-4668-BE54-9A1E7A4F7556}") = "Backend.Application", "..\Template.Application\Backend.Application.csproj", "{E2B45350-8092-4B85-B19E-142E56FB8A62}"
EndProject
Project("{9A19103F-16F7-4668-BE54-9A1E7A4F7556}") = "Backend.Domain", "..\Template.Domain\Backend.Domain.csproj", "{F686AFEB-EF4F-455C-A09F-3B862E863BB2}"
EndProject
Project("{9A19103F-16F7-4668-BE54-9A1E7A4F7556}") = "Backend.Data", "..\Backend.Infra\Backend.Data.csproj", "{D5ECF56B-C9C3-4129-9681-F4566685640D}"
EndProject
Project("{2150E333-8FDC-42A3-9474-1A3956D46DE8}") = "Data", "Data", "{73027F24-2A56-474B-A970-A543673FF826}"
EndProject
Project("{2150E333-8FDC-42A3-9474-1A3956D46DE8}") = "CrossCutting", "CrossCutting", "{9803F8D4-ADE1-40C2-B8F8-DA0EE897D4A7}"
EndProject
Project("{9A19103F-16F7-4668-BE54-9A1E7A4F7556}") = "Backend.IoC", "..\Backend.IoC\Backend.IoC.csproj", "{1641CEA8-B6F5-4D50-BAC8-7C4B0EBBEF2E}"
EndProject
Project("{FAE04EC0-301F-11D3-BF4B-00C04F79EFBC}") = "Backend.Auth", "..\Backend.Auth\Backend.Auth.csproj", "{9A4A750D-B39A-4055-B798-8162BAA07DF4}"
EndProject
Global
	GlobalSection(SolutionConfigurationPlatforms) = preSolution
		Debug|Any CPU = Debug|Any CPU
		Release|Any CPU = Release|Any CPU
	EndGlobalSection
	GlobalSection(ProjectConfigurationPlatforms) = postSolution
		{1A8FC5A9-A12A-4047-9171-FF6FEC5E9256}.Debug|Any CPU.ActiveCfg = Debug|Any CPU
		{1A8FC5A9-A12A-4047-9171-FF6FEC5E9256}.Debug|Any CPU.Build.0 = Debug|Any CPU
		{1A8FC5A9-A12A-4047-9171-FF6FEC5E9256}.Release|Any CPU.ActiveCfg = Release|Any CPU
		{1A8FC5A9-A12A-4047-9171-FF6FEC5E9256}.Release|Any CPU.Build.0 = Release|Any CPU
		{E2B45350-8092-4B85-B19E-142E56FB8A62}.Debug|Any CPU.ActiveCfg = Debug|Any CPU
		{E2B45350-8092-4B85-B19E-142E56FB8A62}.Debug|Any CPU.Build.0 = Debug|Any CPU
		{E2B45350-8092-4B85-B19E-142E56FB8A62}.Release|Any CPU.ActiveCfg = Release|Any CPU
		{E2B45350-8092-4B85-B19E-142E56FB8A62}.Release|Any CPU.Build.0 = Release|Any CPU
		{F686AFEB-EF4F-455C-A09F-3B862E863BB2}.Debug|Any CPU.ActiveCfg = Debug|Any CPU
		{F686AFEB-EF4F-455C-A09F-3B862E863BB2}.Debug|Any CPU.Build.0 = Debug|Any CPU
		{F686AFEB-EF4F-455C-A09F-3B862E863BB2}.Release|Any CPU.ActiveCfg = Release|Any CPU
		{F686AFEB-EF4F-455C-A09F-3B862E863BB2}.Release|Any CPU.Build.0 = Release|Any CPU
		{D5ECF56B-C9C3-4129-9681-F4566685640D}.Debug|Any CPU.ActiveCfg = Debug|Any CPU
		{D5ECF56B-C9C3-4129-9681-F4566685640D}.Debug|Any CPU.Build.0 = Debug|Any CPU
		{D5ECF56B-C9C3-4129-9681-F4566685640D}.Release|Any CPU.ActiveCfg = Release|Any CPU
		{D5ECF56B-C9C3-4129-9681-F4566685640D}.Release|Any CPU.Build.0 = Release|Any CPU
		{1641CEA8-B6F5-4D50-BAC8-7C4B0EBBEF2E}.Debug|Any CPU.ActiveCfg = Debug|Any CPU
		{1641CEA8-B6F5-4D50-BAC8-7C4B0EBBEF2E}.Debug|Any CPU.Build.0 = Debug|Any CPU
		{1641CEA8-B6F5-4D50-BAC8-7C4B0EBBEF2E}.Release|Any CPU.ActiveCfg = Release|Any CPU
		{1641CEA8-B6F5-4D50-BAC8-7C4B0EBBEF2E}.Release|Any CPU.Build.0 = Release|Any CPU
		{9A4A750D-B39A-4055-B798-8162BAA07DF4}.Debug|Any CPU.ActiveCfg = Debug|Any CPU
		{9A4A750D-B39A-4055-B798-8162BAA07DF4}.Debug|Any CPU.Build.0 = Debug|Any CPU
		{9A4A750D-B39A-4055-B798-8162BAA07DF4}.Release|Any CPU.ActiveCfg = Release|Any CPU
		{9A4A750D-B39A-4055-B798-8162BAA07DF4}.Release|Any CPU.Build.0 = Release|Any CPU
	EndGlobalSection
	GlobalSection(SolutionProperties) = preSolution
		HideSolutionNode = FALSE
	EndGlobalSection
	GlobalSection(NestedProjects) = preSolution
		{1A8FC5A9-A12A-4047-9171-FF6FEC5E9256} = {3D2AA659-26BD-4DBF-A55D-2D7FEE107CB6}
		{E2B45350-8092-4B85-B19E-142E56FB8A62} = {1F77F71F-AAA2-47C5-AE1E-DF76F22542A5}
		{F686AFEB-EF4F-455C-A09F-3B862E863BB2} = {2CEF7466-D190-4400-95C0-248E88FA5AA0}
		{D5ECF56B-C9C3-4129-9681-F4566685640D} = {73027F24-2A56-474B-A970-A543673FF826}
		{73027F24-2A56-474B-A970-A543673FF826} = {A3BE09C9-E5AC-408B-A722-19142BB87A7A}
		{9803F8D4-ADE1-40C2-B8F8-DA0EE897D4A7} = {A3BE09C9-E5AC-408B-A722-19142BB87A7A}
		{1641CEA8-B6F5-4D50-BAC8-7C4B0EBBEF2E} = {9803F8D4-ADE1-40C2-B8F8-DA0EE897D4A7}
		{9A4A750D-B39A-4055-B798-8162BAA07DF4} = {9803F8D4-ADE1-40C2-B8F8-DA0EE897D4A7}
	EndGlobalSection
	GlobalSection(ExtensibilityGlobals) = postSolution
		SolutionGuid = {57B34B24-8600-41E9-9E1B-2CACAC3BDA11}
	EndGlobalSection
EndGlobal
